
Microsoft Visual Studio Solution File, Format Version 12.00
# Visual Studio 15
VisualStudioVersion = 15.0.28010.2016
MinimumVisualStudioVersion = 10.0.40219.1
Project("{FAE04EC0-301F-11D3-BF4B-00C04F79EFBC}") = "Console", "Console\Console.csproj", "{0A4D5FD2-9026-4039-BCB3-C7E02E1BB961}"
EndProject
Project("{FAE04EC0-301F-11D3-BF4B-00C04F79EFBC}") = "DriverBase", "DriverBase\DriverBase.csproj", "{CE1D7B60-53DE-4D8D-BD9C-9D5E2B8EA3F4}"
EndProject
Project("{FAE04EC0-301F-11D3-BF4B-00C04F79EFBC}") = "DataContract", "DataContract\DataContract.csproj", "{E84F2E6A-A6B4-4CCE-B385-7BF71D275538}"
EndProject
Project("{FAE04EC0-301F-11D3-BF4B-00C04F79EFBC}") = "S7Sharp7Driver", "S7Sharp7Driver\S7Sharp7Driver.csproj", "{340315DD-849A-43F6-B9E7-F277D4BAF7A0}"
EndProject
Project("{FAE04EC0-301F-11D3-BF4B-00C04F79EFBC}") = "GeneralOPs", "GeneralOPs\GeneralOPs.csproj", "{1C37DEAD-2077-44D4-8EA6-4A19217706E4}"
EndProject
Project("{FAE04EC0-301F-11D3-BF4B-00C04F79EFBC}") = "ConnectorBase", "ConnectorBase\ConnectorBase.csproj", "{870F19E1-1BC7-4D09-8A67-50D077CE801E}"
EndProject
Project("{FAE04EC0-301F-11D3-BF4B-00C04F79EFBC}") = "SerialDriver", "SerialDriver\SerialDriver.csproj", "{89A00632-3401-4958-A581-ABFE4E5CD364}"
EndProject
Global
	GlobalSection(SolutionConfigurationPlatforms) = preSolution
		Debug|Any CPU = Debug|Any CPU
		Release|Any CPU = Release|Any CPU
	EndGlobalSection
	GlobalSection(ProjectConfigurationPlatforms) = postSolution
		{0A4D5FD2-9026-4039-BCB3-C7E02E1BB961}.Debug|Any CPU.ActiveCfg = Debug|Any CPU
		{0A4D5FD2-9026-4039-BCB3-C7E02E1BB961}.Debug|Any CPU.Build.0 = Debug|Any CPU
		{0A4D5FD2-9026-4039-BCB3-C7E02E1BB961}.Release|Any CPU.ActiveCfg = Release|Any CPU
		{0A4D5FD2-9026-4039-BCB3-C7E02E1BB961}.Release|Any CPU.Build.0 = Release|Any CPU
		{CE1D7B60-53DE-4D8D-BD9C-9D5E2B8EA3F4}.Debug|Any CPU.ActiveCfg = Debug|Any CPU
		{CE1D7B60-53DE-4D8D-BD9C-9D5E2B8EA3F4}.Debug|Any CPU.Build.0 = Debug|Any CPU
		{CE1D7B60-53DE-4D8D-BD9C-9D5E2B8EA3F4}.Release|Any CPU.ActiveCfg = Release|Any CPU
		{CE1D7B60-53DE-4D8D-BD9C-9D5E2B8EA3F4}.Release|Any CPU.Build.0 = Release|Any CPU
		{E84F2E6A-A6B4-4CCE-B385-7BF71D275538}.Debug|Any CPU.ActiveCfg = Debug|Any CPU
		{E84F2E6A-A6B4-4CCE-B385-7BF71D275538}.Debug|Any CPU.Build.0 = Debug|Any CPU
		{E84F2E6A-A6B4-4CCE-B385-7BF71D275538}.Release|Any CPU.ActiveCfg = Release|Any CPU
		{E84F2E6A-A6B4-4CCE-B385-7BF71D275538}.Release|Any CPU.Build.0 = Release|Any CPU
		{340315DD-849A-43F6-B9E7-F277D4BAF7A0}.Debug|Any CPU.ActiveCfg = Debug|Any CPU
		{340315DD-849A-43F6-B9E7-F277D4BAF7A0}.Debug|Any CPU.Build.0 = Debug|Any CPU
		{340315DD-849A-43F6-B9E7-F277D4BAF7A0}.Release|Any CPU.ActiveCfg = Release|Any CPU
		{340315DD-849A-43F6-B9E7-F277D4BAF7A0}.Release|Any CPU.Build.0 = Release|Any CPU
		{1C37DEAD-2077-44D4-8EA6-4A19217706E4}.Debug|Any CPU.ActiveCfg = Debug|Any CPU
		{1C37DEAD-2077-44D4-8EA6-4A19217706E4}.Debug|Any CPU.Build.0 = Debug|Any CPU
		{1C37DEAD-2077-44D4-8EA6-4A19217706E4}.Release|Any CPU.ActiveCfg = Release|Any CPU
		{1C37DEAD-2077-44D4-8EA6-4A19217706E4}.Release|Any CPU.Build.0 = Release|Any CPU
		{870F19E1-1BC7-4D09-8A67-50D077CE801E}.Debug|Any CPU.ActiveCfg = Debug|Any CPU
		{870F19E1-1BC7-4D09-8A67-50D077CE801E}.Debug|Any CPU.Build.0 = Debug|Any CPU
		{870F19E1-1BC7-4D09-8A67-50D077CE801E}.Release|Any CPU.ActiveCfg = Release|Any CPU
		{870F19E1-1BC7-4D09-8A67-50D077CE801E}.Release|Any CPU.Build.0 = Release|Any CPU
		{89A00632-3401-4958-A581-ABFE4E5CD364}.Debug|Any CPU.ActiveCfg = Debug|Any CPU
		{89A00632-3401-4958-A581-ABFE4E5CD364}.Debug|Any CPU.Build.0 = Debug|Any CPU
		{89A00632-3401-4958-A581-ABFE4E5CD364}.Release|Any CPU.ActiveCfg = Release|Any CPU
		{89A00632-3401-4958-A581-ABFE4E5CD364}.Release|Any CPU.Build.0 = Release|Any CPU
	EndGlobalSection
	GlobalSection(SolutionProperties) = preSolution
		HideSolutionNode = FALSE
	EndGlobalSection
	GlobalSection(ExtensibilityGlobals) = postSolution
		SolutionGuid = {D99C382D-75EB-43D4-934D-8249F9C15103}
	EndGlobalSection
EndGlobal
